
Microsoft Visual Studio Solution File, Format Version 12.00
# Visual Studio Version 16
VisualStudioVersion = 16.0.31702.278
MinimumVisualStudioVersion = 10.0.40219.1
Project("{2150E333-8FDC-42A3-9474-1A3956D46DE8}") = "CreationalDesignPatterns", "CreationalDesignPatterns", "{AFEFC3F3-BE8B-4A0C-9BD4-1BAB9E25821A}"
EndProject
Project("{2150E333-8FDC-42A3-9474-1A3956D46DE8}") = "FactoryMethod", "FactoryMethod", "{488E83FD-0CA8-4760-B345-2165F7C16DF5}"
EndProject
Project("{2150E333-8FDC-42A3-9474-1A3956D46DE8}") = "Singleton", "Singleton", "{9AC66320-981C-42CA-BDC0-01CCFD62903F}"
EndProject
Project("{9A19103F-16F7-4668-BE54-9A1E7A4F7556}") = "Singleton.Service", "Singleton.Service\Singleton.Service.csproj", "{94D7E189-43D3-40B3-BA9A-904E3F522803}"
EndProject
Project("{9A19103F-16F7-4668-BE54-9A1E7A4F7556}") = "Singleton.ConsoleUI", "Singleton.ConsoleUI\Singleton.ConsoleUI.csproj", "{3658A8DF-61EB-434C-B6F2-48DBF61598F2}"
EndProject
Project("{9A19103F-16F7-4668-BE54-9A1E7A4F7556}") = "FactoryMethod.Logger", "FactoryMethod.Logger\FactoryMethod.Logger.csproj", "{0786C1E6-62E2-42F3-B6F6-5F8CF528A0EE}"
EndProject
Project("{9A19103F-16F7-4668-BE54-9A1E7A4F7556}") = "FactoryMethod.ConsoleUI", "FactoryMethod.ConsoleUI\FactoryMethod.ConsoleUI.csproj", "{D1CD4D2B-7232-44B0-BF05-59E664348BC5}"
EndProject
Project("{2150E333-8FDC-42A3-9474-1A3956D46DE8}") = "AbstractFactory", "AbstractFactory", "{B83739E6-A283-4033-8606-FC638DEE7B80}"
EndProject
Project("{9A19103F-16F7-4668-BE54-9A1E7A4F7556}") = "AbstractFactory.Method", "AbstractFactory.Method\AbstractFactory.Method.csproj", "{DC5ECCD9-3402-4FD7-A9FB-8861CADF8891}"
EndProject
Project("{9A19103F-16F7-4668-BE54-9A1E7A4F7556}") = "AbstractFactory.ConsoleUI", "AbstractFactory.ConsoleUI\AbstractFactory.ConsoleUI.csproj", "{953FAC30-2C1F-473B-889C-50796EE32ACB}"
EndProject
Project("{2150E333-8FDC-42A3-9474-1A3956D46DE8}") = "PrototypeDesign", "PrototypeDesign", "{6638E994-6FA4-440B-95AC-F3AA8C7DED22}"
EndProject
Project("{9A19103F-16F7-4668-BE54-9A1E7A4F7556}") = "PrototypeDesign", "PrototypeDesign\PrototypeDesign.csproj", "{33C06FD3-B21C-44C2-A7B3-3D5E7E3EA45A}"
EndProject
Project("{9A19103F-16F7-4668-BE54-9A1E7A4F7556}") = "PrototypeDesing.ConsoleUI", "PrototypeDesing.ConsoleUI\PrototypeDesing.ConsoleUI.csproj", "{36226CF8-5B92-4995-B38F-6318CB61C1B0}"
EndProject
Project("{2150E333-8FDC-42A3-9474-1A3956D46DE8}") = "BuilderDesign", "BuilderDesign", "{D5A0A7C7-BF19-4DF9-900B-3ABB2220C28E}"
EndProject
Project("{9A19103F-16F7-4668-BE54-9A1E7A4F7556}") = "BuilderDesign.Core", "BuilderDesign.Core\BuilderDesign.Core.csproj", "{F56DAE52-1606-4C8E-9D9D-5208E354370A}"
EndProject
Project("{9A19103F-16F7-4668-BE54-9A1E7A4F7556}") = "BuilderDesign.ConsoleUI", "BuilderDesign.ConsoleUI\BuilderDesign.ConsoleUI.csproj", "{7796645F-8E09-4504-920D-941096FEB2C4}"
EndProject
Project("{2150E333-8FDC-42A3-9474-1A3956D46DE8}") = "StructuralDesignPatterns", "StructuralDesignPatterns", "{412F90DD-0DFF-4CFB-A6DA-AB92D3CB5088}"
EndProject
Project("{2150E333-8FDC-42A3-9474-1A3956D46DE8}") = "Facade", "Facade", "{29DACA59-1C9A-4AD8-8BF8-097CB6951B03}"
EndProject
Project("{9A19103F-16F7-4668-BE54-9A1E7A4F7556}") = "Facade.ConsoleUI", "Adapter.ConsoleUI\Facade.ConsoleUI.csproj", "{09A16975-9957-436A-A995-ED06166A0593}"
EndProject
Project("{9A19103F-16F7-4668-BE54-9A1E7A4F7556}") = "Facade.Core", "Adapter.Core\Facade.Core.csproj", "{2A3A71A9-BBB8-44FB-9D81-84B6B99F8CE7}"
EndProject
Project("{2150E333-8FDC-42A3-9474-1A3956D46DE8}") = "Adapter", "Adapter", "{1FEFC30C-F087-4D4C-A178-72481DFE89A7}"
EndProject
Project("{9A19103F-16F7-4668-BE54-9A1E7A4F7556}") = "Adapter.Core", "Adapter.Core\Adapter.Core.csproj", "{201DC788-CF03-4706-96F6-7B8C47775265}"
EndProject
Project("{9A19103F-16F7-4668-BE54-9A1E7A4F7556}") = "Adapter.ConsoleUI", "Adapter.ConsoleUI\Adapter.ConsoleUI.csproj", "{75F3D67A-EDF1-4ED8-B963-5FF9D83549B3}"
EndProject
Project("{2150E333-8FDC-42A3-9474-1A3956D46DE8}") = "Composite", "Composite", "{6F4B9CF7-6A0C-4ADD-B104-73DF33A930DD}"
EndProject
Project("{FAE04EC0-301F-11D3-BF4B-00C04F79EFBC}") = "Composite.Core", "Composite.Core\Composite.Core.csproj", "{F137A381-A342-4292-8E58-D13244B61E77}"
EndProject
Project("{FAE04EC0-301F-11D3-BF4B-00C04F79EFBC}") = "Composite.ConsoleUIx", "Composite.ConsoleUIx\Composite.ConsoleUIx.csproj", "{16671384-BF44-4E5B-92D6-9A28BA615031}"
EndProject
Project("{2150E333-8FDC-42A3-9474-1A3956D46DE8}") = "Proxy", "Proxy", "{A2470286-1D3D-4E43-9E2D-4B1281E906D3}"
EndProject
Project("{FAE04EC0-301F-11D3-BF4B-00C04F79EFBC}") = "Proxy.ConsoleUIx", "Proxy.Core\Proxy.ConsoleUIx.csproj", "{DB38A98E-0D20-4058-A803-197B60A9DBBB}"
EndProject
Project("{FAE04EC0-301F-11D3-BF4B-00C04F79EFBC}") = "Proxy.CoreX", "Proxy.ConsoleUI\Proxy.CoreX.csproj", "{EC39456C-0B8C-4580-BB5A-D0AED79909F3}"
EndProject
Project("{2150E333-8FDC-42A3-9474-1A3956D46DE8}") = "Decorator", "Decorator", "{423176E8-647A-4604-AA4F-5BC92082A4C3}"
EndProject
Global
	GlobalSection(SolutionConfigurationPlatforms) = preSolution
		Debug|Any CPU = Debug|Any CPU
		Release|Any CPU = Release|Any CPU
	EndGlobalSection
	GlobalSection(ProjectConfigurationPlatforms) = postSolution
		{94D7E189-43D3-40B3-BA9A-904E3F522803}.Debug|Any CPU.ActiveCfg = Debug|Any CPU
		{94D7E189-43D3-40B3-BA9A-904E3F522803}.Debug|Any CPU.Build.0 = Debug|Any CPU
		{94D7E189-43D3-40B3-BA9A-904E3F522803}.Release|Any CPU.ActiveCfg = Release|Any CPU
		{94D7E189-43D3-40B3-BA9A-904E3F522803}.Release|Any CPU.Build.0 = Release|Any CPU
		{3658A8DF-61EB-434C-B6F2-48DBF61598F2}.Debug|Any CPU.ActiveCfg = Debug|Any CPU
		{3658A8DF-61EB-434C-B6F2-48DBF61598F2}.Debug|Any CPU.Build.0 = Debug|Any CPU
		{3658A8DF-61EB-434C-B6F2-48DBF61598F2}.Release|Any CPU.ActiveCfg = Release|Any CPU
		{3658A8DF-61EB-434C-B6F2-48DBF61598F2}.Release|Any CPU.Build.0 = Release|Any CPU
		{0786C1E6-62E2-42F3-B6F6-5F8CF528A0EE}.Debug|Any CPU.ActiveCfg = Debug|Any CPU
		{0786C1E6-62E2-42F3-B6F6-5F8CF528A0EE}.Debug|Any CPU.Build.0 = Debug|Any CPU
		{0786C1E6-62E2-42F3-B6F6-5F8CF528A0EE}.Release|Any CPU.ActiveCfg = Release|Any CPU
		{0786C1E6-62E2-42F3-B6F6-5F8CF528A0EE}.Release|Any CPU.Build.0 = Release|Any CPU
		{D1CD4D2B-7232-44B0-BF05-59E664348BC5}.Debug|Any CPU.ActiveCfg = Debug|Any CPU
		{D1CD4D2B-7232-44B0-BF05-59E664348BC5}.Debug|Any CPU.Build.0 = Debug|Any CPU
		{D1CD4D2B-7232-44B0-BF05-59E664348BC5}.Release|Any CPU.ActiveCfg = Release|Any CPU
		{D1CD4D2B-7232-44B0-BF05-59E664348BC5}.Release|Any CPU.Build.0 = Release|Any CPU
		{DC5ECCD9-3402-4FD7-A9FB-8861CADF8891}.Debug|Any CPU.ActiveCfg = Debug|Any CPU
		{DC5ECCD9-3402-4FD7-A9FB-8861CADF8891}.Debug|Any CPU.Build.0 = Debug|Any CPU
		{DC5ECCD9-3402-4FD7-A9FB-8861CADF8891}.Release|Any CPU.ActiveCfg = Release|Any CPU
		{DC5ECCD9-3402-4FD7-A9FB-8861CADF8891}.Release|Any CPU.Build.0 = Release|Any CPU
		{953FAC30-2C1F-473B-889C-50796EE32ACB}.Debug|Any CPU.ActiveCfg = Debug|Any CPU
		{953FAC30-2C1F-473B-889C-50796EE32ACB}.Debug|Any CPU.Build.0 = Debug|Any CPU
		{953FAC30-2C1F-473B-889C-50796EE32ACB}.Release|Any CPU.ActiveCfg = Release|Any CPU
		{953FAC30-2C1F-473B-889C-50796EE32ACB}.Release|Any CPU.Build.0 = Release|Any CPU
		{33C06FD3-B21C-44C2-A7B3-3D5E7E3EA45A}.Debug|Any CPU.ActiveCfg = Debug|Any CPU
		{33C06FD3-B21C-44C2-A7B3-3D5E7E3EA45A}.Debug|Any CPU.Build.0 = Debug|Any CPU
		{33C06FD3-B21C-44C2-A7B3-3D5E7E3EA45A}.Release|Any CPU.ActiveCfg = Release|Any CPU
		{33C06FD3-B21C-44C2-A7B3-3D5E7E3EA45A}.Release|Any CPU.Build.0 = Release|Any CPU
		{36226CF8-5B92-4995-B38F-6318CB61C1B0}.Debug|Any CPU.ActiveCfg = Debug|Any CPU
		{36226CF8-5B92-4995-B38F-6318CB61C1B0}.Debug|Any CPU.Build.0 = Debug|Any CPU
		{36226CF8-5B92-4995-B38F-6318CB61C1B0}.Release|Any CPU.ActiveCfg = Release|Any CPU
		{36226CF8-5B92-4995-B38F-6318CB61C1B0}.Release|Any CPU.Build.0 = Release|Any CPU
		{F56DAE52-1606-4C8E-9D9D-5208E354370A}.Debug|Any CPU.ActiveCfg = Debug|Any CPU
		{F56DAE52-1606-4C8E-9D9D-5208E354370A}.Debug|Any CPU.Build.0 = Debug|Any CPU
		{F56DAE52-1606-4C8E-9D9D-5208E354370A}.Release|Any CPU.ActiveCfg = Release|Any CPU
		{F56DAE52-1606-4C8E-9D9D-5208E354370A}.Release|Any CPU.Build.0 = Release|Any CPU
		{7796645F-8E09-4504-920D-941096FEB2C4}.Debug|Any CPU.ActiveCfg = Debug|Any CPU
		{7796645F-8E09-4504-920D-941096FEB2C4}.Debug|Any CPU.Build.0 = Debug|Any CPU
		{7796645F-8E09-4504-920D-941096FEB2C4}.Release|Any CPU.ActiveCfg = Release|Any CPU
		{7796645F-8E09-4504-920D-941096FEB2C4}.Release|Any CPU.Build.0 = Release|Any CPU
		{09A16975-9957-436A-A995-ED06166A0593}.Debug|Any CPU.ActiveCfg = Debug|Any CPU
		{09A16975-9957-436A-A995-ED06166A0593}.Debug|Any CPU.Build.0 = Debug|Any CPU
		{09A16975-9957-436A-A995-ED06166A0593}.Release|Any CPU.ActiveCfg = Release|Any CPU
		{09A16975-9957-436A-A995-ED06166A0593}.Release|Any CPU.Build.0 = Release|Any CPU
		{2A3A71A9-BBB8-44FB-9D81-84B6B99F8CE7}.Debug|Any CPU.ActiveCfg = Debug|Any CPU
		{2A3A71A9-BBB8-44FB-9D81-84B6B99F8CE7}.Debug|Any CPU.Build.0 = Debug|Any CPU
		{2A3A71A9-BBB8-44FB-9D81-84B6B99F8CE7}.Release|Any CPU.ActiveCfg = Release|Any CPU
		{2A3A71A9-BBB8-44FB-9D81-84B6B99F8CE7}.Release|Any CPU.Build.0 = Release|Any CPU
		{201DC788-CF03-4706-96F6-7B8C47775265}.Debug|Any CPU.ActiveCfg = Debug|Any CPU
		{201DC788-CF03-4706-96F6-7B8C47775265}.Debug|Any CPU.Build.0 = Debug|Any CPU
		{201DC788-CF03-4706-96F6-7B8C47775265}.Release|Any CPU.ActiveCfg = Release|Any CPU
		{201DC788-CF03-4706-96F6-7B8C47775265}.Release|Any CPU.Build.0 = Release|Any CPU
		{75F3D67A-EDF1-4ED8-B963-5FF9D83549B3}.Debug|Any CPU.ActiveCfg = Debug|Any CPU
		{75F3D67A-EDF1-4ED8-B963-5FF9D83549B3}.Debug|Any CPU.Build.0 = Debug|Any CPU
		{75F3D67A-EDF1-4ED8-B963-5FF9D83549B3}.Release|Any CPU.ActiveCfg = Release|Any CPU
		{75F3D67A-EDF1-4ED8-B963-5FF9D83549B3}.Release|Any CPU.Build.0 = Release|Any CPU
		{F137A381-A342-4292-8E58-D13244B61E77}.Debug|Any CPU.ActiveCfg = Debug|Any CPU
		{F137A381-A342-4292-8E58-D13244B61E77}.Debug|Any CPU.Build.0 = Debug|Any CPU
		{F137A381-A342-4292-8E58-D13244B61E77}.Release|Any CPU.ActiveCfg = Release|Any CPU
		{F137A381-A342-4292-8E58-D13244B61E77}.Release|Any CPU.Build.0 = Release|Any CPU
		{16671384-BF44-4E5B-92D6-9A28BA615031}.Debug|Any CPU.ActiveCfg = Debug|Any CPU
		{16671384-BF44-4E5B-92D6-9A28BA615031}.Debug|Any CPU.Build.0 = Debug|Any CPU
		{16671384-BF44-4E5B-92D6-9A28BA615031}.Release|Any CPU.ActiveCfg = Release|Any CPU
		{16671384-BF44-4E5B-92D6-9A28BA615031}.Release|Any CPU.Build.0 = Release|Any CPU
		{DB38A98E-0D20-4058-A803-197B60A9DBBB}.Debug|Any CPU.ActiveCfg = Debug|Any CPU
		{DB38A98E-0D20-4058-A803-197B60A9DBBB}.Debug|Any CPU.Build.0 = Debug|Any CPU
		{DB38A98E-0D20-4058-A803-197B60A9DBBB}.Release|Any CPU.ActiveCfg = Release|Any CPU
		{DB38A98E-0D20-4058-A803-197B60A9DBBB}.Release|Any CPU.Build.0 = Release|Any CPU
		{EC39456C-0B8C-4580-BB5A-D0AED79909F3}.Debug|Any CPU.ActiveCfg = Debug|Any CPU
		{EC39456C-0B8C-4580-BB5A-D0AED79909F3}.Debug|Any CPU.Build.0 = Debug|Any CPU
		{EC39456C-0B8C-4580-BB5A-D0AED79909F3}.Release|Any CPU.ActiveCfg = Release|Any CPU
		{EC39456C-0B8C-4580-BB5A-D0AED79909F3}.Release|Any CPU.Build.0 = Release|Any CPU
	EndGlobalSection
	GlobalSection(SolutionProperties) = preSolution
		HideSolutionNode = FALSE
	EndGlobalSection
	GlobalSection(NestedProjects) = preSolution
		{488E83FD-0CA8-4760-B345-2165F7C16DF5} = {AFEFC3F3-BE8B-4A0C-9BD4-1BAB9E25821A}
		{9AC66320-981C-42CA-BDC0-01CCFD62903F} = {AFEFC3F3-BE8B-4A0C-9BD4-1BAB9E25821A}
		{94D7E189-43D3-40B3-BA9A-904E3F522803} = {9AC66320-981C-42CA-BDC0-01CCFD62903F}
		{3658A8DF-61EB-434C-B6F2-48DBF61598F2} = {9AC66320-981C-42CA-BDC0-01CCFD62903F}
		{0786C1E6-62E2-42F3-B6F6-5F8CF528A0EE} = {488E83FD-0CA8-4760-B345-2165F7C16DF5}
		{D1CD4D2B-7232-44B0-BF05-59E664348BC5} = {488E83FD-0CA8-4760-B345-2165F7C16DF5}
		{B83739E6-A283-4033-8606-FC638DEE7B80} = {AFEFC3F3-BE8B-4A0C-9BD4-1BAB9E25821A}
		{DC5ECCD9-3402-4FD7-A9FB-8861CADF8891} = {B83739E6-A283-4033-8606-FC638DEE7B80}
		{953FAC30-2C1F-473B-889C-50796EE32ACB} = {B83739E6-A283-4033-8606-FC638DEE7B80}
		{6638E994-6FA4-440B-95AC-F3AA8C7DED22} = {AFEFC3F3-BE8B-4A0C-9BD4-1BAB9E25821A}
		{33C06FD3-B21C-44C2-A7B3-3D5E7E3EA45A} = {6638E994-6FA4-440B-95AC-F3AA8C7DED22}
		{36226CF8-5B92-4995-B38F-6318CB61C1B0} = {6638E994-6FA4-440B-95AC-F3AA8C7DED22}
		{D5A0A7C7-BF19-4DF9-900B-3ABB2220C28E} = {AFEFC3F3-BE8B-4A0C-9BD4-1BAB9E25821A}
		{F56DAE52-1606-4C8E-9D9D-5208E354370A} = {D5A0A7C7-BF19-4DF9-900B-3ABB2220C28E}
		{7796645F-8E09-4504-920D-941096FEB2C4} = {D5A0A7C7-BF19-4DF9-900B-3ABB2220C28E}
		{29DACA59-1C9A-4AD8-8BF8-097CB6951B03} = {412F90DD-0DFF-4CFB-A6DA-AB92D3CB5088}
		{09A16975-9957-436A-A995-ED06166A0593} = {29DACA59-1C9A-4AD8-8BF8-097CB6951B03}
		{2A3A71A9-BBB8-44FB-9D81-84B6B99F8CE7} = {29DACA59-1C9A-4AD8-8BF8-097CB6951B03}
		{1FEFC30C-F087-4D4C-A178-72481DFE89A7} = {412F90DD-0DFF-4CFB-A6DA-AB92D3CB5088}
		{201DC788-CF03-4706-96F6-7B8C47775265} = {1FEFC30C-F087-4D4C-A178-72481DFE89A7}
		{75F3D67A-EDF1-4ED8-B963-5FF9D83549B3} = {1FEFC30C-F087-4D4C-A178-72481DFE89A7}
		{6F4B9CF7-6A0C-4ADD-B104-73DF33A930DD} = {412F90DD-0DFF-4CFB-A6DA-AB92D3CB5088}
		{F137A381-A342-4292-8E58-D13244B61E77} = {6F4B9CF7-6A0C-4ADD-B104-73DF33A930DD}
		{16671384-BF44-4E5B-92D6-9A28BA615031} = {6F4B9CF7-6A0C-4ADD-B104-73DF33A930DD}
		{A2470286-1D3D-4E43-9E2D-4B1281E906D3} = {412F90DD-0DFF-4CFB-A6DA-AB92D3CB5088}
		{DB38A98E-0D20-4058-A803-197B60A9DBBB} = {A2470286-1D3D-4E43-9E2D-4B1281E906D3}
		{EC39456C-0B8C-4580-BB5A-D0AED79909F3} = {A2470286-1D3D-4E43-9E2D-4B1281E906D3}
		{423176E8-647A-4604-AA4F-5BC92082A4C3} = {412F90DD-0DFF-4CFB-A6DA-AB92D3CB5088}
	EndGlobalSection
	GlobalSection(ExtensibilityGlobals) = postSolution
		SolutionGuid = {7139766B-5415-41B8-B2A0-BC76588B5F89}
	EndGlobalSection
EndGlobal
